
Microsoft Visual Studio Solution File, Format Version 12.00
# Visual Studio 15
VisualStudioVersion = 15.0.28307.902
MinimumVisualStudioVersion = 10.0.40219.1
Project("{FAE04EC0-301F-11D3-BF4B-00C04F79EFBC}") = "BLogic", "BLogic\BLogic.csproj", "{73463EE0-376C-4C50-BBB3-5BBC7B4C2042}"
	ProjectSection(ProjectDependencies) = postProject
		{A8C65532-A3EC-4F82-A15F-A5F235A1395B} = {A8C65532-A3EC-4F82-A15F-A5F235A1395B}
	EndProjectSection
EndProject
Project("{FAE04EC0-301F-11D3-BF4B-00C04F79EFBC}") = "Entities", "ClassLibrary1\Entities.csproj", "{A8C65532-A3EC-4F82-A15F-A5F235A1395B}"
EndProject
Global
	GlobalSection(SolutionConfigurationPlatforms) = preSolution
		Debug|Any CPU = Debug|Any CPU
		Release|Any CPU = Release|Any CPU
	EndGlobalSection
	GlobalSection(ProjectConfigurationPlatforms) = postSolution
		{73463EE0-376C-4C50-BBB3-5BBC7B4C2042}.Debug|Any CPU.ActiveCfg = Debug|Any CPU
		{73463EE0-376C-4C50-BBB3-5BBC7B4C2042}.Debug|Any CPU.Build.0 = Debug|Any CPU
		{73463EE0-376C-4C50-BBB3-5BBC7B4C2042}.Release|Any CPU.ActiveCfg = Release|Any CPU
		{73463EE0-376C-4C50-BBB3-5BBC7B4C2042}.Release|Any CPU.Build.0 = Release|Any CPU
		{A8C65532-A3EC-4F82-A15F-A5F235A1395B}.Debug|Any CPU.ActiveCfg = Debug|Any CPU
		{A8C65532-A3EC-4F82-A15F-A5F235A1395B}.Debug|Any CPU.Build.0 = Debug|Any CPU
		{A8C65532-A3EC-4F82-A15F-A5F235A1395B}.Release|Any CPU.ActiveCfg = Release|Any CPU
		{A8C65532-A3EC-4F82-A15F-A5F235A1395B}.Release|Any CPU.Build.0 = Release|Any CPU
	EndGlobalSection
	GlobalSection(SolutionProperties) = preSolution
		HideSolutionNode = FALSE
	EndGlobalSection
	GlobalSection(ExtensibilityGlobals) = postSolution
		SolutionGuid = {E9B8E3D4-F123-4F18-814B-23239164F7DB}
	EndGlobalSection
EndGlobal
